
Microsoft Visual Studio Solution File, Format Version 12.00
# Visual Studio 15
VisualStudioVersion = 15.0.28307.421
MinimumVisualStudioVersion = 10.0.40219.1
Project("{FAE04EC0-301F-11D3-BF4B-00C04F79EFBC}") = "Clase 4 Arrays", "Clase 4 Arrays\Clase 4 Arrays.csproj", "{BCDA4E88-E90C-4BED-9C6B-53473F2BD733}"
EndProject
Global
	GlobalSection(SolutionConfigurationPlatforms) = preSolution
		Debug|Any CPU = Debug|Any CPU
		Release|Any CPU = Release|Any CPU
	EndGlobalSection
	GlobalSection(ProjectConfigurationPlatforms) = postSolution
		{BCDA4E88-E90C-4BED-9C6B-53473F2BD733}.Debug|Any CPU.ActiveCfg = Debug|Any CPU
		{BCDA4E88-E90C-4BED-9C6B-53473F2BD733}.Debug|Any CPU.Build.0 = Debug|Any CPU
		{BCDA4E88-E90C-4BED-9C6B-53473F2BD733}.Release|Any CPU.ActiveCfg = Release|Any CPU
		{BCDA4E88-E90C-4BED-9C6B-53473F2BD733}.Release|Any CPU.Build.0 = Release|Any CPU
	EndGlobalSection
	GlobalSection(SolutionProperties) = preSolution
		HideSolutionNode = FALSE
	EndGlobalSection
	GlobalSection(ExtensibilityGlobals) = postSolution
		SolutionGuid = {33045F12-B63C-4BD7-BD97-9F68AD31E5D7}
	EndGlobalSection
EndGlobal
